
Microsoft Visual Studio Solution File, Format Version 12.00
# Visual Studio Version 17
VisualStudioVersion = 17.9.34728.123
MinimumVisualStudioVersion = 10.0.40219.1
Project("{9A19103F-16F7-4668-BE54-9A1E7A4F7556}") = "EZSeleniumLib", "EZSeleniumLib.csproj", "{C9FE3C1B-C6D2-41AC-BDEE-4D78D014410E}"
EndProject
Global
	GlobalSection(SolutionConfigurationPlatforms) = preSolution
		Debug|Any CPU = Debug|Any CPU
		Release|Any CPU = Release|Any CPU
	EndGlobalSection
	GlobalSection(ProjectConfigurationPlatforms) = postSolution
		{C9FE3C1B-C6D2-41AC-BDEE-4D78D014410E}.Debug|Any CPU.ActiveCfg = Debug|Any CPU
		{C9FE3C1B-C6D2-41AC-BDEE-4D78D014410E}.Debug|Any CPU.Build.0 = Debug|Any CPU
		{C9FE3C1B-C6D2-41AC-BDEE-4D78D014410E}.Release|Any CPU.ActiveCfg = Release|Any CPU
		{C9FE3C1B-C6D2-41AC-BDEE-4D78D014410E}.Release|Any CPU.Build.0 = Release|Any CPU
	EndGlobalSection
	GlobalSection(SolutionProperties) = preSolution
		HideSolutionNode = FALSE
	EndGlobalSection
	GlobalSection(ExtensibilityGlobals) = postSolution
		SolutionGuid = {FBD62204-C17A-4156-8D4C-E8BAF3D8346E}
	EndGlobalSection
EndGlobal
