
Microsoft Visual Studio Solution File, Format Version 12.00
# Visual Studio Version 17
VisualStudioVersion = 17.1.32328.378
MinimumVisualStudioVersion = 10.0.40219.1
Project("{9A19103F-16F7-4668-BE54-9A1E7A4F7556}") = "EZAsesAutoType", "EZAsesAutoType\EZAsesAutoType.csproj", "{555FB130-6454-4EB6-A0A2-14386A5FABD8}"
EndProject
Project("{2150E333-8FDC-42A3-9474-1A3956D46DE8}") = "Solution Items", "Solution Items", "{59FF5C22-8768-4A2E-BD44-E9CD4788B18E}"
	ProjectSection(SolutionItems) = preProject
		.editorconfig = .editorconfig
	EndProjectSection
EndProject
Project("{54435603-DBB4-11D2-8724-00A0C9A8B90C}") = "EZAsesAutoTypeSetup", "EZAsesAutoTypeSetup\EZAsesAutoTypeSetup.vdproj", "{775406F6-4540-4C79-A7A0-E2FAB961C6AE}"
	ProjectSection(ProjectDependencies) = postProject
		{5176F545-A366-4924-AAA1-DF4AAC1D66CB} = {5176F545-A366-4924-AAA1-DF4AAC1D66CB}
	EndProjectSection
EndProject
Project("{2150E333-8FDC-42A3-9474-1A3956D46DE8}") = "Projektmappenelemente", "Projektmappenelemente", "{B1A35B65-7B66-49EA-A910-8865B72C1B9C}"
	ProjectSection(SolutionItems) = preProject
		..\bat\createReleasePackage.cmd = ..\bat\createReleasePackage.cmd
		..\bat\createSelfSignedCert.cmd = ..\bat\createSelfSignedCert.cmd
		..\.github\workflows\dotnet-desktop.yml = ..\.github\workflows\dotnet-desktop.yml
		..\doc\EZAsesAutoType-UserManual.md = ..\doc\EZAsesAutoType-UserManual.md
		..\README.md = ..\README.md
		EZAsesAutoTypeSetup\README.md = EZAsesAutoTypeSetup\README.md
		EZAsesAutoTypeMSIX\README.md = EZAsesAutoTypeMSIX\README.md
		..\bat\signReleaseMsi.cmd = ..\bat\signReleaseMsi.cmd
		..\bat\updateWebdriverChrome.bat = ..\bat\updateWebdriverChrome.bat
		..\bat\updateWebdriverEdge.bat = ..\bat\updateWebdriverEdge.bat
		..\bat\updateWebdriverFirefox.bat = ..\bat\updateWebdriverFirefox.bat
	EndProjectSection
EndProject
Project("{C7167F0D-BC9F-4E6E-AFE1-012C56B48DB5}") = "EZAsesAutoTypeMSIX", "EZAsesAutoTypeMSIX\EZAsesAutoTypeMSIX.wapproj", "{6A045F68-D740-47F4-80BC-B8B55DCC1AA9}"
	ProjectSection(ProjectDependencies) = postProject
		{5176F545-A366-4924-AAA1-DF4AAC1D66CB} = {5176F545-A366-4924-AAA1-DF4AAC1D66CB}
		{775406F6-4540-4C79-A7A0-E2FAB961C6AE} = {775406F6-4540-4C79-A7A0-E2FAB961C6AE}
	EndProjectSection
EndProject
Project("{FAE04EC0-301F-11D3-BF4B-00C04F79EFBC}") = "EZSeleniumLib", "EZSeleniumLib\EZSeleniumLib.csproj", "{5176F545-A366-4924-AAA1-DF4AAC1D66CB}"
EndProject
Global
	GlobalSection(SolutionConfigurationPlatforms) = preSolution
		Debug|Any CPU = Debug|Any CPU
		Debug|ARM = Debug|ARM
		Debug|ARM64 = Debug|ARM64
		Debug|x64 = Debug|x64
		Debug|x86 = Debug|x86
		Release|Any CPU = Release|Any CPU
		Release|ARM = Release|ARM
		Release|ARM64 = Release|ARM64
		Release|x64 = Release|x64
		Release|x86 = Release|x86
	EndGlobalSection
	GlobalSection(ProjectConfigurationPlatforms) = postSolution
		{555FB130-6454-4EB6-A0A2-14386A5FABD8}.Debug|Any CPU.ActiveCfg = Debug|Any CPU
		{555FB130-6454-4EB6-A0A2-14386A5FABD8}.Debug|Any CPU.Build.0 = Debug|Any CPU
		{555FB130-6454-4EB6-A0A2-14386A5FABD8}.Debug|ARM.ActiveCfg = Debug|ARM
		{555FB130-6454-4EB6-A0A2-14386A5FABD8}.Debug|ARM.Build.0 = Debug|ARM
		{555FB130-6454-4EB6-A0A2-14386A5FABD8}.Debug|ARM64.ActiveCfg = Debug|ARM64
		{555FB130-6454-4EB6-A0A2-14386A5FABD8}.Debug|ARM64.Build.0 = Debug|ARM64
		{555FB130-6454-4EB6-A0A2-14386A5FABD8}.Debug|x64.ActiveCfg = Debug|x64
		{555FB130-6454-4EB6-A0A2-14386A5FABD8}.Debug|x64.Build.0 = Debug|x64
		{555FB130-6454-4EB6-A0A2-14386A5FABD8}.Debug|x86.ActiveCfg = Debug|x86
		{555FB130-6454-4EB6-A0A2-14386A5FABD8}.Debug|x86.Build.0 = Debug|x86
		{555FB130-6454-4EB6-A0A2-14386A5FABD8}.Release|Any CPU.ActiveCfg = Release|Any CPU
		{555FB130-6454-4EB6-A0A2-14386A5FABD8}.Release|Any CPU.Build.0 = Release|Any CPU
		{555FB130-6454-4EB6-A0A2-14386A5FABD8}.Release|ARM.ActiveCfg = Release|ARM
		{555FB130-6454-4EB6-A0A2-14386A5FABD8}.Release|ARM.Build.0 = Release|ARM
		{555FB130-6454-4EB6-A0A2-14386A5FABD8}.Release|ARM64.ActiveCfg = Release|ARM64
		{555FB130-6454-4EB6-A0A2-14386A5FABD8}.Release|ARM64.Build.0 = Release|ARM64
		{555FB130-6454-4EB6-A0A2-14386A5FABD8}.Release|x64.ActiveCfg = Release|x64
		{555FB130-6454-4EB6-A0A2-14386A5FABD8}.Release|x64.Build.0 = Release|x64
		{555FB130-6454-4EB6-A0A2-14386A5FABD8}.Release|x86.ActiveCfg = Release|x86
		{555FB130-6454-4EB6-A0A2-14386A5FABD8}.Release|x86.Build.0 = Release|x86
		{775406F6-4540-4C79-A7A0-E2FAB961C6AE}.Debug|Any CPU.ActiveCfg = Debug
		{775406F6-4540-4C79-A7A0-E2FAB961C6AE}.Debug|ARM.ActiveCfg = Debug
		{775406F6-4540-4C79-A7A0-E2FAB961C6AE}.Debug|ARM64.ActiveCfg = Debug
		{775406F6-4540-4C79-A7A0-E2FAB961C6AE}.Debug|x64.ActiveCfg = Debug
		{775406F6-4540-4C79-A7A0-E2FAB961C6AE}.Debug|x86.ActiveCfg = Debug
		{775406F6-4540-4C79-A7A0-E2FAB961C6AE}.Release|Any CPU.ActiveCfg = Release
		{775406F6-4540-4C79-A7A0-E2FAB961C6AE}.Release|Any CPU.Build.0 = Release
		{775406F6-4540-4C79-A7A0-E2FAB961C6AE}.Release|ARM.ActiveCfg = Release
		{775406F6-4540-4C79-A7A0-E2FAB961C6AE}.Release|ARM64.ActiveCfg = Release
		{775406F6-4540-4C79-A7A0-E2FAB961C6AE}.Release|x64.ActiveCfg = Release
		{775406F6-4540-4C79-A7A0-E2FAB961C6AE}.Release|x86.ActiveCfg = Release
		{6A045F68-D740-47F4-80BC-B8B55DCC1AA9}.Debug|Any CPU.ActiveCfg = Debug|x64
		{6A045F68-D740-47F4-80BC-B8B55DCC1AA9}.Debug|ARM.ActiveCfg = Debug|ARM
		{6A045F68-D740-47F4-80BC-B8B55DCC1AA9}.Debug|ARM64.ActiveCfg = Debug|ARM64
		{6A045F68-D740-47F4-80BC-B8B55DCC1AA9}.Debug|x64.ActiveCfg = Debug|x64
		{6A045F68-D740-47F4-80BC-B8B55DCC1AA9}.Debug|x86.ActiveCfg = Debug|x86
		{6A045F68-D740-47F4-80BC-B8B55DCC1AA9}.Release|Any CPU.ActiveCfg = Release|x64
		{6A045F68-D740-47F4-80BC-B8B55DCC1AA9}.Release|ARM.ActiveCfg = Release|ARM
		{6A045F68-D740-47F4-80BC-B8B55DCC1AA9}.Release|ARM64.ActiveCfg = Release|ARM64
		{6A045F68-D740-47F4-80BC-B8B55DCC1AA9}.Release|x64.ActiveCfg = Release|x64
		{6A045F68-D740-47F4-80BC-B8B55DCC1AA9}.Release|x86.ActiveCfg = Release|x86
		{5176F545-A366-4924-AAA1-DF4AAC1D66CB}.Debug|Any CPU.ActiveCfg = Debug|Any CPU
		{5176F545-A366-4924-AAA1-DF4AAC1D66CB}.Debug|Any CPU.Build.0 = Debug|Any CPU
		{5176F545-A366-4924-AAA1-DF4AAC1D66CB}.Debug|ARM.ActiveCfg = Debug|ARM
		{5176F545-A366-4924-AAA1-DF4AAC1D66CB}.Debug|ARM.Build.0 = Debug|ARM
		{5176F545-A366-4924-AAA1-DF4AAC1D66CB}.Debug|ARM.Deploy.0 = Debug|ARM
		{5176F545-A366-4924-AAA1-DF4AAC1D66CB}.Debug|ARM64.ActiveCfg = Debug|ARM64
		{5176F545-A366-4924-AAA1-DF4AAC1D66CB}.Debug|ARM64.Build.0 = Debug|ARM64
		{5176F545-A366-4924-AAA1-DF4AAC1D66CB}.Debug|ARM64.Deploy.0 = Debug|ARM64
		{5176F545-A366-4924-AAA1-DF4AAC1D66CB}.Debug|x64.ActiveCfg = Debug|x64
		{5176F545-A366-4924-AAA1-DF4AAC1D66CB}.Debug|x64.Build.0 = Debug|x64
		{5176F545-A366-4924-AAA1-DF4AAC1D66CB}.Debug|x64.Deploy.0 = Debug|x64
		{5176F545-A366-4924-AAA1-DF4AAC1D66CB}.Debug|x86.ActiveCfg = Debug|x86
		{5176F545-A366-4924-AAA1-DF4AAC1D66CB}.Debug|x86.Build.0 = Debug|x86
		{5176F545-A366-4924-AAA1-DF4AAC1D66CB}.Debug|x86.Deploy.0 = Debug|x86
		{5176F545-A366-4924-AAA1-DF4AAC1D66CB}.Release|Any CPU.ActiveCfg = Release|Any CPU
		{5176F545-A366-4924-AAA1-DF4AAC1D66CB}.Release|Any CPU.Build.0 = Release|Any CPU
		{5176F545-A366-4924-AAA1-DF4AAC1D66CB}.Release|ARM.ActiveCfg = Release|ARM
		{5176F545-A366-4924-AAA1-DF4AAC1D66CB}.Release|ARM.Build.0 = Release|ARM
		{5176F545-A366-4924-AAA1-DF4AAC1D66CB}.Release|ARM.Deploy.0 = Release|ARM
		{5176F545-A366-4924-AAA1-DF4AAC1D66CB}.Release|ARM64.ActiveCfg = Release|ARM64
		{5176F545-A366-4924-AAA1-DF4AAC1D66CB}.Release|ARM64.Build.0 = Release|ARM64
		{5176F545-A366-4924-AAA1-DF4AAC1D66CB}.Release|ARM64.Deploy.0 = Release|ARM64
		{5176F545-A366-4924-AAA1-DF4AAC1D66CB}.Release|x64.ActiveCfg = Release|x64
		{5176F545-A366-4924-AAA1-DF4AAC1D66CB}.Release|x64.Build.0 = Release|x64
		{5176F545-A366-4924-AAA1-DF4AAC1D66CB}.Release|x64.Deploy.0 = Release|x64
		{5176F545-A366-4924-AAA1-DF4AAC1D66CB}.Release|x86.ActiveCfg = Release|x86
		{5176F545-A366-4924-AAA1-DF4AAC1D66CB}.Release|x86.Build.0 = Release|x86
		{5176F545-A366-4924-AAA1-DF4AAC1D66CB}.Release|x86.Deploy.0 = Release|x86
	EndGlobalSection
	GlobalSection(SolutionProperties) = preSolution
		HideSolutionNode = FALSE
	EndGlobalSection
	GlobalSection(ExtensibilityGlobals) = postSolution
		SolutionGuid = {A8002C01-4F35-4694-B416-E1C777EAED78}
	EndGlobalSection
EndGlobal
